// !$*UTF8*$!
{
	archiveVersion = 1;
	classes = {
	};
	objectVersion = 56;
	objects = {

/* Begin PBXBuildFile section */
		338B78A1299C6D250089104F /* Contact_SwiftUIApp.swift in Sources */ = {isa = PBXBuildFile; fileRef = 338B78A0299C6D250089104F /* Contact_SwiftUIApp.swift */; };
		338B78A3299C6D250089104F /* ContentView.swift in Sources */ = {isa = PBXBuildFile; fileRef = 338B78A2299C6D250089104F /* ContentView.swift */; };
		338B78A5299C6D270089104F /* Assets.xcassets in Resources */ = {isa = PBXBuildFile; fileRef = 338B78A4299C6D270089104F /* Assets.xcassets */; };
		338B78A8299C6D270089104F /* Preview Assets.xcassets in Resources */ = {isa = PBXBuildFile; fileRef = 338B78A7299C6D270089104F /* Preview Assets.xcassets */; };
		338B78B6299C6D990089104F /* FavouritesView.swift in Sources */ = {isa = PBXBuildFile; fileRef = 338B78B5299C6D990089104F /* FavouritesView.swift */; };
		338B78B9299C6DB40089104F /* RecentsView.swift in Sources */ = {isa = PBXBuildFile; fileRef = 338B78B8299C6DB40089104F /* RecentsView.swift */; };
		338B78BB299C6DC30089104F /* ContactsView.swift in Sources */ = {isa = PBXBuildFile; fileRef = 338B78BA299C6DC30089104F /* ContactsView.swift */; };
		338B78BD299C6DD10089104F /* KeypadView.swift in Sources */ = {isa = PBXBuildFile; fileRef = 338B78BC299C6DD10089104F /* KeypadView.swift */; };
		338B78C0299C6DE20089104F /* VoicemailView.swift in Sources */ = {isa = PBXBuildFile; fileRef = 338B78BF299C6DE20089104F /* VoicemailView.swift */; };
/* End PBXBuildFile section */

/* Begin PBXFileReference section */
		338B789D299C6D250089104F /* Contact-SwiftUI.app */ = {isa = PBXFileReference; explicitFileType = wrapper.application; includeInIndex = 0; path = "Contact-SwiftUI.app"; sourceTree = BUILT_PRODUCTS_DIR; };
		338B78A0299C6D250089104F /* Contact_SwiftUIApp.swift */ = {isa = PBXFileReference; lastKnownFileType = sourcecode.swift; path = Contact_SwiftUIApp.swift; sourceTree = "<group>"; };
		338B78A2299C6D250089104F /* ContentView.swift */ = {isa = PBXFileReference; lastKnownFileType = sourcecode.swift; path = ContentView.swift; sourceTree = "<group>"; };
		338B78A4299C6D270089104F /* Assets.xcassets */ = {isa = PBXFileReference; lastKnownFileType = folder.assetcatalog; path = Assets.xcassets; sourceTree = "<group>"; };
		338B78A7299C6D270089104F /* Preview Assets.xcassets */ = {isa = PBXFileReference; lastKnownFileType = folder.assetcatalog; path = "Preview Assets.xcassets"; sourceTree = "<group>"; };
		338B78B5299C6D990089104F /* FavouritesView.swift */ = {isa = PBXFileReference; lastKnownFileType = sourcecode.swift; path = FavouritesView.swift; sourceTree = "<group>"; };
		338B78B8299C6DB40089104F /* RecentsView.swift */ = {isa = PBXFileReference; lastKnownFileType = sourcecode.swift; path = RecentsView.swift; sourceTree = "<group>"; };
		338B78BA299C6DC30089104F /* ContactsView.swift */ = {isa = PBXFileReference; lastKnownFileType = sourcecode.swift; path = ContactsView.swift; sourceTree = "<group>"; };
		338B78BC299C6DD10089104F /* KeypadView.swift */ = {isa = PBXFileReference; lastKnownFileType = sourcecode.swift; path = KeypadView.swift; sourceTree = "<group>"; };
		338B78BF299C6DE20089104F /* VoicemailView.swift */ = {isa = PBXFileReference; lastKnownFileType = sourcecode.swift; path = VoicemailView.swift; sourceTree = "<group>"; };
/* End PBXFileReference section */

/* Begin PBXFrameworksBuildPhase section */
		338B789A299C6D250089104F /* Frameworks */ = {
			isa = PBXFrameworksBuildPhase;
			buildActionMask = 2147483647;
			files = (
			);
			runOnlyForDeploymentPostprocessing = 0;
		};
/* End PBXFrameworksBuildPhase section */

/* Begin PBXGroup section */
		338B7894299C6D250089104F = {
			isa = PBXGroup;
			children = (
				338B789F299C6D250089104F /* Contact-SwiftUI */,
				338B789E299C6D250089104F /* Products */,
			);
			sourceTree = "<group>";
		};
		338B789E299C6D250089104F /* Products */ = {
			isa = PBXGroup;
			children = (
				338B789D299C6D250089104F /* Contact-SwiftUI.app */,
			);
			name = Products;
			sourceTree = "<group>";
		};
		338B789F299C6D250089104F /* Contact-SwiftUI */ = {
			isa = PBXGroup;
			children = (
				338B78AF299C6D590089104F /* Core */,
				338B78AE299C6D510089104F /* Features */,
				338B78A0299C6D250089104F /* Contact_SwiftUIApp.swift */,
				338B78A2299C6D250089104F /* ContentView.swift */,
				338B78A4299C6D270089104F /* Assets.xcassets */,
				338B78A6299C6D270089104F /* Preview Content */,
			);
			path = "Contact-SwiftUI";
			sourceTree = "<group>";
		};
		338B78A6299C6D270089104F /* Preview Content */ = {
			isa = PBXGroup;
			children = (
				338B78A7299C6D270089104F /* Preview Assets.xcassets */,
			);
			path = "Preview Content";
			sourceTree = "<group>";
		};
		338B78AE299C6D510089104F /* Features */ = {
			isa = PBXGroup;
			children = (
				338B78B4299C6D830089104F /* Voicemail */,
				338B78B3299C6D7C0089104F /* Keypad */,
				338B78B2299C6D6F0089104F /* Contacts */,
				338B78B1299C6D6A0089104F /* Recents */,
				338B78B0299C6D610089104F /* Favourites */,
			);
			path = Features;
			sourceTree = "<group>";
		};
		338B78AF299C6D590089104F /* Core */ = {
			isa = PBXGroup;
			children = (
			);
			path = Core;
			sourceTree = "<group>";
		};
		338B78B0299C6D610089104F /* Favourites */ = {
			isa = PBXGroup;
			children = (
				338B78B5299C6D990089104F /* FavouritesView.swift */,
			);
			path = Favourites;
			sourceTree = "<group>";
		};
		338B78B1299C6D6A0089104F /* Recents */ = {
			isa = PBXGroup;
			children = (
				338B78B8299C6DB40089104F /* RecentsView.swift */,
			);
			path = Recents;
			sourceTree = "<group>";
		};
		338B78B2299C6D6F0089104F /* Contacts */ = {
			isa = PBXGroup;
			children = (
				338B78BA299C6DC30089104F /* ContactsView.swift */,
			);
			path = Contacts;
			sourceTree = "<group>";
		};
		338B78B3299C6D7C0089104F /* Keypad */ = {
			isa = PBXGroup;
			children = (
				338B78BC299C6DD10089104F /* KeypadView.swift */,
			);
			path = Keypad;
			sourceTree = "<group>";
		};
		338B78B4299C6D830089104F /* Voicemail */ = {
			isa = PBXGroup;
			children = (
				338B78BF299C6DE20089104F /* VoicemailView.swift */,
			);
			path = Voicemail;
			sourceTree = "<group>";
		};
/* End PBXGroup section */

/* Begin PBXNativeTarget section */
		338B789C299C6D250089104F /* Contact-SwiftUI */ = {
			isa = PBXNativeTarget;
			buildConfigurationList = 338B78AB299C6D270089104F /* Build configuration list for PBXNativeTarget "Contact-SwiftUI" */;
			buildPhases = (
				338B7899299C6D250089104F /* Sources */,
				338B789A299C6D250089104F /* Frameworks */,
				338B789B299C6D250089104F /* Resources */,
			);
			buildRules = (
			);
			dependencies = (
			);
			name = "Contact-SwiftUI";
			productName = "Contact-SwiftUI";
			productReference = 338B789D299C6D250089104F /* Contact-SwiftUI.app */;
			productType = "com.apple.product-type.application";
		};
/* End PBXNativeTarget section */

/* Begin PBXProject section */
		338B7895299C6D250089104F /* Project object */ = {
			isa = PBXProject;
			attributes = {
				BuildIndependentTargetsInParallel = 1;
				LastSwiftUpdateCheck = 1420;
				LastUpgradeCheck = 1420;
				TargetAttributes = {
					338B789C299C6D250089104F = {
						CreatedOnToolsVersion = 14.2;
					};
				};
			};
			buildConfigurationList = 338B7898299C6D250089104F /* Build configuration list for PBXProject "Contact-SwiftUI" */;
			compatibilityVersion = "Xcode 14.0";
			developmentRegion = en;
			hasScannedForEncodings = 0;
			knownRegions = (
				en,
				Base,
			);
			mainGroup = 338B7894299C6D250089104F;
			productRefGroup = 338B789E299C6D250089104F /* Products */;
			projectDirPath = "";
			projectRoot = "";
			targets = (
				338B789C299C6D250089104F /* Contact-SwiftUI */,
			);
		};
/* End PBXProject section */

/* Begin PBXResourcesBuildPhase section */
		338B789B299C6D250089104F /* Resources */ = {
			isa = PBXResourcesBuildPhase;
			buildActionMask = 2147483647;
			files = (
				338B78A8299C6D270089104F /* Preview Assets.xcassets in Resources */,
				338B78A5299C6D270089104F /* Assets.xcassets in Resources */,
			);
			runOnlyForDeploymentPostprocessing = 0;
		};
/* End PBXResourcesBuildPhase section */

/* Begin PBXSourcesBuildPhase section */
		338B7899299C6D250089104F /* Sources */ = {
			isa = PBXSourcesBuildPhase;
			buildActionMask = 2147483647;
			files = (
				338B78A3299C6D250089104F /* ContentView.swift in Sources */,
				338B78B6299C6D990089104F /* FavouritesView.swift in Sources */,
				338B78BD299C6DD10089104F /* KeypadView.swift in Sources */,
				338B78A1299C6D250089104F /* Contact_SwiftUIApp.swift in Sources */,
				338B78C0299C6DE20089104F /* VoicemailView.swift in Sources */,
				338B78BB299C6DC30089104F /* ContactsView.swift in Sources */,
				338B78B9299C6DB40089104F /* RecentsView.swift in Sources */,
			);
			runOnlyForDeploymentPostprocessing = 0;
		};
/* End PBXSourcesBuildPhase section */

/* Begin XCBuildConfiguration section */
		338B78A9299C6D270089104F /* Debug */ = {
			isa = XCBuildConfiguration;
			buildSettings = {
				ALWAYS_SEARCH_USER_PATHS = NO;
				CLANG_ANALYZER_NONNULL = YES;
				CLANG_ANALYZER_NUMBER_OBJECT_CONVERSION = YES_AGGRESSIVE;
				CLANG_CXX_LANGUAGE_STANDARD = "gnu++20";
				CLANG_ENABLE_MODULES = YES;
				CLANG_ENABLE_OBJC_ARC = YES;
				CLANG_ENABLE_OBJC_WEAK = YES;
				CLANG_WARN_BLOCK_CAPTURE_AUTORELEASING = YES;
				CLANG_WARN_BOOL_CONVERSION = YES;
				CLANG_WARN_COMMA = YES;
				CLANG_WARN_CONSTANT_CONVERSION = YES;
				CLANG_WARN_DEPRECATED_OBJC_IMPLEMENTATIONS = YES;
				CLANG_WARN_DIRECT_OBJC_ISA_USAGE = YES_ERROR;
				CLANG_WARN_DOCUMENTATION_COMMENTS = YES;
				CLANG_WARN_EMPTY_BODY = YES;
				CLANG_WARN_ENUM_CONVERSION = YES;
				CLANG_WARN_INFINITE_RECURSION = YES;
				CLANG_WARN_INT_CONVERSION = YES;
				CLANG_WARN_NON_LITERAL_NULL_CONVERSION = YES;
				CLANG_WARN_OBJC_IMPLICIT_RETAIN_SELF = YES;
				CLANG_WARN_OBJC_LITERAL_CONVERSION = YES;
				CLANG_WARN_OBJC_ROOT_CLASS = YES_ERROR;
				CLANG_WARN_QUOTED_INCLUDE_IN_FRAMEWORK_HEADER = YES;
				CLANG_WARN_RANGE_LOOP_ANALYSIS = YES;
				CLANG_WARN_STRICT_PROTOTYPES = YES;
				CLANG_WARN_SUSPICIOUS_MOVE = YES;
				CLANG_WARN_UNGUARDED_AVAILABILITY = YES_AGGRESSIVE;
				CLANG_WARN_UNREACHABLE_CODE = YES;
				CLANG_WARN__DUPLICATE_METHOD_MATCH = YES;
				COPY_PHASE_STRIP = NO;
				DEBUG_INFORMATION_FORMAT = dwarf;
				ENABLE_STRICT_OBJC_MSGSEND = YES;
				ENABLE_TESTABILITY = YES;
				GCC_C_LANGUAGE_STANDARD = gnu11;
				GCC_DYNAMIC_NO_PIC = NO;
				GCC_NO_COMMON_BLOCKS = YES;
				GCC_OPTIMIZATION_LEVEL = 0;
				GCC_PREPROCESSOR_DEFINITIONS = (
					"DEBUG=1",
					"$(inherited)",
				);
				GCC_WARN_64_TO_32_BIT_CONVERSION = YES;
				GCC_WARN_ABOUT_RETURN_TYPE = YES_ERROR;
				GCC_WARN_UNDECLARED_SELECTOR = YES;
				GCC_WARN_UNINITIALIZED_AUTOS = YES_AGGRESSIVE;
				GCC_WARN_UNUSED_FUNCTION = YES;
				GCC_WARN_UNUSED_VARIABLE = YES;
				IPHONEOS_DEPLOYMENT_TARGET = 16.2;
				MTL_ENABLE_DEBUG_INFO = INCLUDE_SOURCE;
				MTL_FAST_MATH = YES;
				ONLY_ACTIVE_ARCH = YES;
				SDKROOT = iphoneos;
				SWIFT_ACTIVE_COMPILATION_CONDITIONS = DEBUG;
				SWIFT_OPTIMIZATION_LEVEL = "-Onone";
			};
			name = Debug;
		};
		338B78AA299C6D270089104F /* Release */ = {
			isa = XCBuildConfiguration;
			buildSettings = {
				ALWAYS_SEARCH_USER_PATHS = NO;
				CLANG_ANALYZER_NONNULL = YES;
				CLANG_ANALYZER_NUMBER_OBJECT_CONVERSION = YES_AGGRESSIVE;
				CLANG_CXX_LANGUAGE_STANDARD = "gnu++20";
				CLANG_ENABLE_MODULES = YES;
				CLANG_ENABLE_OBJC_ARC = YES;
				CLANG_ENABLE_OBJC_WEAK = YES;
				CLANG_WARN_BLOCK_CAPTURE_AUTORELEASING = YES;
				CLANG_WARN_BOOL_CONVERSION = YES;
				CLANG_WARN_COMMA = YES;
				CLANG_WARN_CONSTANT_CONVERSION = YES;
				CLANG_WARN_DEPRECATED_OBJC_IMPLEMENTATIONS = YES;
				CLANG_WARN_DIRECT_OBJC_ISA_USAGE = YES_ERROR;
				CLANG_WARN_DOCUMENTATION_COMMENTS = YES;
				CLANG_WARN_EMPTY_BODY = YES;
				CLANG_WARN_ENUM_CONVERSION = YES;
				CLANG_WARN_INFINITE_RECURSION = YES;
				CLANG_WARN_INT_CONVERSION = YES;
				CLANG_WARN_NON_LITERAL_NULL_CONVERSION = YES;
				CLANG_WARN_OBJC_IMPLICIT_RETAIN_SELF = YES;
				CLANG_WARN_OBJC_LITERAL_CONVERSION = YES;
				CLANG_WARN_OBJC_ROOT_CLASS = YES_ERROR;
				CLANG_WARN_QUOTED_INCLUDE_IN_FRAMEWORK_HEADER = YES;
				CLANG_WARN_RANGE_LOOP_ANALYSIS = YES;
				CLANG_WARN_STRICT_PROTOTYPES = YES;
				CLANG_WARN_SUSPICIOUS_MOVE = YES;
				CLANG_WARN_UNGUARDED_AVAILABILITY = YES_AGGRESSIVE;
				CLANG_WARN_UNREACHABLE_CODE = YES;
				CLANG_WARN__DUPLICATE_METHOD_MATCH = YES;
				COPY_PHASE_STRIP = NO;
				DEBUG_INFORMATION_FORMAT = "dwarf-with-dsym";
				ENABLE_NS_ASSERTIONS = NO;
				ENABLE_STRICT_OBJC_MSGSEND = YES;
				GCC_C_LANGUAGE_STANDARD = gnu11;
				GCC_NO_COMMON_BLOCKS = YES;
				GCC_WARN_64_TO_32_BIT_CONVERSION = YES;
				GCC_WARN_ABOUT_RETURN_TYPE = YES_ERROR;
				GCC_WARN_UNDECLARED_SELECTOR = YES;
				GCC_WARN_UNINITIALIZED_AUTOS = YES_AGGRESSIVE;
				GCC_WARN_UNUSED_FUNCTION = YES;
				GCC_WARN_UNUSED_VARIABLE = YES;
				IPHONEOS_DEPLOYMENT_TARGET = 16.2;
				MTL_ENABLE_DEBUG_INFO = NO;
				MTL_FAST_MATH = YES;
				SDKROOT = iphoneos;
				SWIFT_COMPILATION_MODE = wholemodule;
				SWIFT_OPTIMIZATION_LEVEL = "-O";
				VALIDATE_PRODUCT = YES;
			};
			name = Release;
		};
		338B78AC299C6D270089104F /* Debug */ = {
			isa = XCBuildConfiguration;
			buildSettings = {
				ASSETCATALOG_COMPILER_APPICON_NAME = AppIcon;
				ASSETCATALOG_COMPILER_GLOBAL_ACCENT_COLOR_NAME = AccentColor;
				CODE_SIGN_STYLE = Automatic;
				CURRENT_PROJECT_VERSION = 1;
				DEVELOPMENT_ASSET_PATHS = "\"Contact-SwiftUI/Preview Content\"";
				DEVELOPMENT_TEAM = V93ZR5Y4Q3;
				ENABLE_PREVIEWS = YES;
				GENERATE_INFOPLIST_FILE = YES;
				INFOPLIST_KEY_UIApplicationSceneManifest_Generation = YES;
				INFOPLIST_KEY_UIApplicationSupportsIndirectInputEvents = YES;
				INFOPLIST_KEY_UILaunchScreen_Generation = YES;
				INFOPLIST_KEY_UISupportedInterfaceOrientations_iPad = "UIInterfaceOrientationPortrait UIInterfaceOrientationPortraitUpsideDown UIInterfaceOrientationLandscapeLeft UIInterfaceOrientationLandscapeRight";
				INFOPLIST_KEY_UISupportedInterfaceOrientations_iPhone = "UIInterfaceOrientationPortrait UIInterfaceOrientationLandscapeLeft UIInterfaceOrientationLandscapeRight";
				LD_RUNPATH_SEARCH_PATHS = (
					"$(inherited)",
					"@executable_path/Frameworks",
				);
				MARKETING_VERSION = 1.0;
				PRODUCT_BUNDLE_IDENTIFIER = "tech.cscoder.Contact-SwiftUI";
				PRODUCT_NAME = "$(TARGET_NAME)";
				SWIFT_EMIT_LOC_STRINGS = YES;
				SWIFT_VERSION = 5.0;
				TARGETED_DEVICE_FAMILY = "1,2";
			};
			name = Debug;
		};
		338B78AD299C6D270089104F /* Release */ = {
			isa = XCBuildConfiguration;
			buildSettings = {
				ASSETCATALOG_COMPILER_APPICON_NAME = AppIcon;
				ASSETCATALOG_COMPILER_GLOBAL_ACCENT_COLOR_NAME = AccentColor;
				CODE_SIGN_STYLE = Automatic;
				CURRENT_PROJECT_VERSION = 1;
				DEVELOPMENT_ASSET_PATHS = "\"Contact-SwiftUI/Preview Content\"";
				DEVELOPMENT_TEAM = V93ZR5Y4Q3;
				ENABLE_PREVIEWS = YES;
				GENERATE_INFOPLIST_FILE = YES;
				INFOPLIST_KEY_UIApplicationSceneManifest_Generation = YES;
				INFOPLIST_KEY_UIApplicationSupportsIndirectInputEvents = YES;
				INFOPLIST_KEY_UILaunchScreen_Generation = YES;
				INFOPLIST_KEY_UISupportedInterfaceOrientations_iPad = "UIInterfaceOrientationPortrait UIInterfaceOrientationPortraitUpsideDown UIInterfaceOrientationLandscapeLeft UIInterfaceOrientationLandscapeRight";
				INFOPLIST_KEY_UISupportedInterfaceOrientations_iPhone = "UIInterfaceOrientationPortrait UIInterfaceOrientationLandscapeLeft UIInterfaceOrientationLandscapeRight";
				LD_RUNPATH_SEARCH_PATHS = (
					"$(inherited)",
					"@executable_path/Frameworks",
				);
				MARKETING_VERSION = 1.0;
				PRODUCT_BUNDLE_IDENTIFIER = "tech.cscoder.Contact-SwiftUI";
				PRODUCT_NAME = "$(TARGET_NAME)";
				SWIFT_EMIT_LOC_STRINGS = YES;
				SWIFT_VERSION = 5.0;
				TARGETED_DEVICE_FAMILY = "1,2";
			};
			name = Release;
		};
/* End XCBuildConfiguration section */

/* Begin XCConfigurationList section */
		338B7898299C6D250089104F /* Build configuration list for PBXProject "Contact-SwiftUI" */ = {
			isa = XCConfigurationList;
			buildConfigurations = (
				338B78A9299C6D270089104F /* Debug */,
				338B78AA299C6D270089104F /* Release */,
			);
			defaultConfigurationIsVisible = 0;
			defaultConfigurationName = Release;
		};
		338B78AB299C6D270089104F /* Build configuration list for PBXNativeTarget "Contact-SwiftUI" */ = {
			isa = XCConfigurationList;
			buildConfigurations = (
				338B78AC299C6D270089104F /* Debug */,
				338B78AD299C6D270089104F /* Release */,
			);
			defaultConfigurationIsVisible = 0;
			defaultConfigurationName = Release;
		};
/* End XCConfigurationList section */
	};
	rootObject = 338B7895299C6D250089104F /* Project object */;
}
