// !$*UTF8*$!
{
	archiveVersion = 1;
	classes = {
	};
	objectVersion = 56;
	objects = {

/* Begin PBXBuildFile section */
		3353B72A298F7F460057EA16 /* AppTextView.swift in Sources */ = {isa = PBXBuildFile; fileRef = 3353B729298F7F460057EA16 /* AppTextView.swift */; };
		3353B72C298F84C90057EA16 /* ColorPickerView.swift in Sources */ = {isa = PBXBuildFile; fileRef = 3353B72B298F84C90057EA16 /* ColorPickerView.swift */; };
		33670CF82998FC6B00F81E23 /* NoteViewModel.swift in Sources */ = {isa = PBXBuildFile; fileRef = 33670CF72998FC6B00F81E23 /* NoteViewModel.swift */; };
		33670CFA2998FCBC00F81E23 /* INoteRepository.swift in Sources */ = {isa = PBXBuildFile; fileRef = 33670CF92998FCBC00F81E23 /* INoteRepository.swift */; };
		33670D00299929D200F81E23 /* Note.xcdatamodeld in Sources */ = {isa = PBXBuildFile; fileRef = 33670CFE299929D200F81E23 /* Note.xcdatamodeld */; };
		33670D0329992A3100F81E23 /* Note.swift in Sources */ = {isa = PBXBuildFile; fileRef = 33670D0229992A3100F81E23 /* Note.swift */; };
		33D1CFDB298752CF004BE7C4 /* Note_AppApp.swift in Sources */ = {isa = PBXBuildFile; fileRef = 33D1CFDA298752CF004BE7C4 /* Note_AppApp.swift */; };
		33D1CFDF298752D2004BE7C4 /* Assets.xcassets in Resources */ = {isa = PBXBuildFile; fileRef = 33D1CFDE298752D2004BE7C4 /* Assets.xcassets */; };
		33D1CFE2298752D2004BE7C4 /* Preview Assets.xcassets in Resources */ = {isa = PBXBuildFile; fileRef = 33D1CFE1298752D2004BE7C4 /* Preview Assets.xcassets */; };
		33D1CFEE29875478004BE7C4 /* HomeView.swift in Sources */ = {isa = PBXBuildFile; fileRef = 33D1CFED29875478004BE7C4 /* HomeView.swift */; };
		33D1CFF12987564C004BE7C4 /* HomeItemView.swift in Sources */ = {isa = PBXBuildFile; fileRef = 33D1CFF02987564C004BE7C4 /* HomeItemView.swift */; };
		33D1CFF3298760EE004BE7C4 /* AddReminderView.swift in Sources */ = {isa = PBXBuildFile; fileRef = 33D1CFF2298760EE004BE7C4 /* AddReminderView.swift */; };
/* End PBXBuildFile section */

/* Begin PBXFileReference section */
		3353B729298F7F460057EA16 /* AppTextView.swift */ = {isa = PBXFileReference; lastKnownFileType = sourcecode.swift; path = AppTextView.swift; sourceTree = "<group>"; };
		3353B72B298F84C90057EA16 /* ColorPickerView.swift */ = {isa = PBXFileReference; lastKnownFileType = sourcecode.swift; path = ColorPickerView.swift; sourceTree = "<group>"; };
		33670CF72998FC6B00F81E23 /* NoteViewModel.swift */ = {isa = PBXFileReference; lastKnownFileType = sourcecode.swift; path = NoteViewModel.swift; sourceTree = "<group>"; };
		33670CF92998FCBC00F81E23 /* INoteRepository.swift */ = {isa = PBXFileReference; lastKnownFileType = sourcecode.swift; path = INoteRepository.swift; sourceTree = "<group>"; };
		33670CFF299929D200F81E23 /* Note.xcdatamodel */ = {isa = PBXFileReference; lastKnownFileType = wrapper.xcdatamodel; path = Note.xcdatamodel; sourceTree = "<group>"; };
		33670D0229992A3100F81E23 /* Note.swift */ = {isa = PBXFileReference; lastKnownFileType = sourcecode.swift; path = Note.swift; sourceTree = "<group>"; };
		33D1CFD7298752CF004BE7C4 /* Note App.app */ = {isa = PBXFileReference; explicitFileType = wrapper.application; includeInIndex = 0; path = "Note App.app"; sourceTree = BUILT_PRODUCTS_DIR; };
		33D1CFDA298752CF004BE7C4 /* Note_AppApp.swift */ = {isa = PBXFileReference; lastKnownFileType = sourcecode.swift; path = Note_AppApp.swift; sourceTree = "<group>"; };
		33D1CFDE298752D2004BE7C4 /* Assets.xcassets */ = {isa = PBXFileReference; lastKnownFileType = folder.assetcatalog; path = Assets.xcassets; sourceTree = "<group>"; };
		33D1CFE1298752D2004BE7C4 /* Preview Assets.xcassets */ = {isa = PBXFileReference; lastKnownFileType = folder.assetcatalog; path = "Preview Assets.xcassets"; sourceTree = "<group>"; };
		33D1CFED29875478004BE7C4 /* HomeView.swift */ = {isa = PBXFileReference; lastKnownFileType = sourcecode.swift; path = HomeView.swift; sourceTree = "<group>"; };
		33D1CFF02987564C004BE7C4 /* HomeItemView.swift */ = {isa = PBXFileReference; lastKnownFileType = sourcecode.swift; path = HomeItemView.swift; sourceTree = "<group>"; };
		33D1CFF2298760EE004BE7C4 /* AddReminderView.swift */ = {isa = PBXFileReference; lastKnownFileType = sourcecode.swift; path = AddReminderView.swift; sourceTree = "<group>"; };
/* End PBXFileReference section */

/* Begin PBXFrameworksBuildPhase section */
		33D1CFD4298752CF004BE7C4 /* Frameworks */ = {
			isa = PBXFrameworksBuildPhase;
			buildActionMask = 2147483647;
			files = (
			);
			runOnlyForDeploymentPostprocessing = 0;
		};
/* End PBXFrameworksBuildPhase section */

/* Begin PBXGroup section */
		33670D0129992A2400F81E23 /* Models */ = {
			isa = PBXGroup;
			children = (
				33670D0229992A3100F81E23 /* Note.swift */,
			);
			path = Models;
			sourceTree = "<group>";
		};
		33D1CFCE298752CF004BE7C4 = {
			isa = PBXGroup;
			children = (
				33D1CFD9298752CF004BE7C4 /* Note App */,
				33D1CFD8298752CF004BE7C4 /* Products */,
			);
			sourceTree = "<group>";
		};
		33D1CFD8298752CF004BE7C4 /* Products */ = {
			isa = PBXGroup;
			children = (
				33D1CFD7298752CF004BE7C4 /* Note App.app */,
			);
			name = Products;
			sourceTree = "<group>";
		};
		33D1CFD9298752CF004BE7C4 /* Note App */ = {
			isa = PBXGroup;
			children = (
				33D1CFE92987532D004BE7C4 /* Features */,
				33D1CFE829875322004BE7C4 /* Core */,
				33D1CFDA298752CF004BE7C4 /* Note_AppApp.swift */,
				33D1CFDE298752D2004BE7C4 /* Assets.xcassets */,
				33D1CFE0298752D2004BE7C4 /* Preview Content */,
				33670CFE299929D200F81E23 /* Note.xcdatamodeld */,
			);
			path = "Note App";
			sourceTree = "<group>";
		};
		33D1CFE0298752D2004BE7C4 /* Preview Content */ = {
			isa = PBXGroup;
			children = (
				33D1CFE1298752D2004BE7C4 /* Preview Assets.xcassets */,
			);
			path = "Preview Content";
			sourceTree = "<group>";
		};
		33D1CFE829875322004BE7C4 /* Core */ = {
			isa = PBXGroup;
			children = (
				33670D0129992A2400F81E23 /* Models */,
				33D1CFEF29875614004BE7C4 /* Views */,
			);
			path = Core;
			sourceTree = "<group>";
		};
		33D1CFE92987532D004BE7C4 /* Features */ = {
			isa = PBXGroup;
			children = (
				33D1CFF4298760F8004BE7C4 /* AddReminder */,
				33D1CFEA2987533E004BE7C4 /* Home */,
			);
			path = Features;
			sourceTree = "<group>";
		};
		33D1CFEA2987533E004BE7C4 /* Home */ = {
			isa = PBXGroup;
			children = (
				33D1CFEC2987535A004BE7C4 /* ViewModel */,
				33D1CFEB29875353004BE7C4 /* View */,
			);
			path = Home;
			sourceTree = "<group>";
		};
		33D1CFEB29875353004BE7C4 /* View */ = {
			isa = PBXGroup;
			children = (
				33D1CFED29875478004BE7C4 /* HomeView.swift */,
			);
			path = View;
			sourceTree = "<group>";
		};
		33D1CFEC2987535A004BE7C4 /* ViewModel */ = {
			isa = PBXGroup;
			children = (
			);
			path = ViewModel;
			sourceTree = "<group>";
		};
		33D1CFEF29875614004BE7C4 /* Views */ = {
			isa = PBXGroup;
			children = (
				33D1CFF02987564C004BE7C4 /* HomeItemView.swift */,
				3353B729298F7F460057EA16 /* AppTextView.swift */,
				3353B72B298F84C90057EA16 /* ColorPickerView.swift */,
			);
			path = Views;
			sourceTree = "<group>";
		};
		33D1CFF4298760F8004BE7C4 /* AddReminder */ = {
			isa = PBXGroup;
			children = (
				33D1CFF62987610C004BE7C4 /* ViewModel */,
				33D1CFF529876100004BE7C4 /* View */,
			);
			path = AddReminder;
			sourceTree = "<group>";
		};
		33D1CFF529876100004BE7C4 /* View */ = {
			isa = PBXGroup;
			children = (
				33D1CFF2298760EE004BE7C4 /* AddReminderView.swift */,
			);
			path = View;
			sourceTree = "<group>";
		};
		33D1CFF62987610C004BE7C4 /* ViewModel */ = {
			isa = PBXGroup;
			children = (
				33670CF72998FC6B00F81E23 /* NoteViewModel.swift */,
				33670CF92998FCBC00F81E23 /* INoteRepository.swift */,
			);
			path = ViewModel;
			sourceTree = "<group>";
		};
/* End PBXGroup section */

/* Begin PBXNativeTarget section */
		33D1CFD6298752CF004BE7C4 /* Note App */ = {
			isa = PBXNativeTarget;
			buildConfigurationList = 33D1CFE5298752D2004BE7C4 /* Build configuration list for PBXNativeTarget "Note App" */;
			buildPhases = (
				33D1CFD3298752CF004BE7C4 /* Sources */,
				33D1CFD4298752CF004BE7C4 /* Frameworks */,
				33D1CFD5298752CF004BE7C4 /* Resources */,
			);
			buildRules = (
			);
			dependencies = (
			);
			name = "Note App";
			productName = "Note App";
			productReference = 33D1CFD7298752CF004BE7C4 /* Note App.app */;
			productType = "com.apple.product-type.application";
		};
/* End PBXNativeTarget section */

/* Begin PBXProject section */
		33D1CFCF298752CF004BE7C4 /* Project object */ = {
			isa = PBXProject;
			attributes = {
				BuildIndependentTargetsInParallel = 1;
				LastSwiftUpdateCheck = 1420;
				LastUpgradeCheck = 1420;
				TargetAttributes = {
					33D1CFD6298752CF004BE7C4 = {
						CreatedOnToolsVersion = 14.2;
					};
				};
			};
			buildConfigurationList = 33D1CFD2298752CF004BE7C4 /* Build configuration list for PBXProject "Note App" */;
			compatibilityVersion = "Xcode 14.0";
			developmentRegion = en;
			hasScannedForEncodings = 0;
			knownRegions = (
				en,
				Base,
			);
			mainGroup = 33D1CFCE298752CF004BE7C4;
			productRefGroup = 33D1CFD8298752CF004BE7C4 /* Products */;
			projectDirPath = "";
			projectRoot = "";
			targets = (
				33D1CFD6298752CF004BE7C4 /* Note App */,
			);
		};
/* End PBXProject section */

/* Begin PBXResourcesBuildPhase section */
		33D1CFD5298752CF004BE7C4 /* Resources */ = {
			isa = PBXResourcesBuildPhase;
			buildActionMask = 2147483647;
			files = (
				33D1CFE2298752D2004BE7C4 /* Preview Assets.xcassets in Resources */,
				33D1CFDF298752D2004BE7C4 /* Assets.xcassets in Resources */,
			);
			runOnlyForDeploymentPostprocessing = 0;
		};
/* End PBXResourcesBuildPhase section */

/* Begin PBXSourcesBuildPhase section */
		33D1CFD3298752CF004BE7C4 /* Sources */ = {
			isa = PBXSourcesBuildPhase;
			buildActionMask = 2147483647;
			files = (
				33670D00299929D200F81E23 /* Note.xcdatamodeld in Sources */,
				33670CF82998FC6B00F81E23 /* NoteViewModel.swift in Sources */,
				33D1CFEE29875478004BE7C4 /* HomeView.swift in Sources */,
				33D1CFF12987564C004BE7C4 /* HomeItemView.swift in Sources */,
				3353B72C298F84C90057EA16 /* ColorPickerView.swift in Sources */,
				33670D0329992A3100F81E23 /* Note.swift in Sources */,
				33D1CFF3298760EE004BE7C4 /* AddReminderView.swift in Sources */,
				33D1CFDB298752CF004BE7C4 /* Note_AppApp.swift in Sources */,
				3353B72A298F7F460057EA16 /* AppTextView.swift in Sources */,
				33670CFA2998FCBC00F81E23 /* INoteRepository.swift in Sources */,
			);
			runOnlyForDeploymentPostprocessing = 0;
		};
/* End PBXSourcesBuildPhase section */

/* Begin XCBuildConfiguration section */
		33D1CFE3298752D2004BE7C4 /* Debug */ = {
			isa = XCBuildConfiguration;
			buildSettings = {
				ALWAYS_SEARCH_USER_PATHS = NO;
				CLANG_ANALYZER_NONNULL = YES;
				CLANG_ANALYZER_NUMBER_OBJECT_CONVERSION = YES_AGGRESSIVE;
				CLANG_CXX_LANGUAGE_STANDARD = "gnu++20";
				CLANG_ENABLE_MODULES = YES;
				CLANG_ENABLE_OBJC_ARC = YES;
				CLANG_ENABLE_OBJC_WEAK = YES;
				CLANG_WARN_BLOCK_CAPTURE_AUTORELEASING = YES;
				CLANG_WARN_BOOL_CONVERSION = YES;
				CLANG_WARN_COMMA = YES;
				CLANG_WARN_CONSTANT_CONVERSION = YES;
				CLANG_WARN_DEPRECATED_OBJC_IMPLEMENTATIONS = YES;
				CLANG_WARN_DIRECT_OBJC_ISA_USAGE = YES_ERROR;
				CLANG_WARN_DOCUMENTATION_COMMENTS = YES;
				CLANG_WARN_EMPTY_BODY = YES;
				CLANG_WARN_ENUM_CONVERSION = YES;
				CLANG_WARN_INFINITE_RECURSION = YES;
				CLANG_WARN_INT_CONVERSION = YES;
				CLANG_WARN_NON_LITERAL_NULL_CONVERSION = YES;
				CLANG_WARN_OBJC_IMPLICIT_RETAIN_SELF = YES;
				CLANG_WARN_OBJC_LITERAL_CONVERSION = YES;
				CLANG_WARN_OBJC_ROOT_CLASS = YES_ERROR;
				CLANG_WARN_QUOTED_INCLUDE_IN_FRAMEWORK_HEADER = YES;
				CLANG_WARN_RANGE_LOOP_ANALYSIS = YES;
				CLANG_WARN_STRICT_PROTOTYPES = YES;
				CLANG_WARN_SUSPICIOUS_MOVE = YES;
				CLANG_WARN_UNGUARDED_AVAILABILITY = YES_AGGRESSIVE;
				CLANG_WARN_UNREACHABLE_CODE = YES;
				CLANG_WARN__DUPLICATE_METHOD_MATCH = YES;
				COPY_PHASE_STRIP = NO;
				DEBUG_INFORMATION_FORMAT = dwarf;
				ENABLE_STRICT_OBJC_MSGSEND = YES;
				ENABLE_TESTABILITY = YES;
				GCC_C_LANGUAGE_STANDARD = gnu11;
				GCC_DYNAMIC_NO_PIC = NO;
				GCC_NO_COMMON_BLOCKS = YES;
				GCC_OPTIMIZATION_LEVEL = 0;
				GCC_PREPROCESSOR_DEFINITIONS = (
					"DEBUG=1",
					"$(inherited)",
				);
				GCC_WARN_64_TO_32_BIT_CONVERSION = YES;
				GCC_WARN_ABOUT_RETURN_TYPE = YES_ERROR;
				GCC_WARN_UNDECLARED_SELECTOR = YES;
				GCC_WARN_UNINITIALIZED_AUTOS = YES_AGGRESSIVE;
				GCC_WARN_UNUSED_FUNCTION = YES;
				GCC_WARN_UNUSED_VARIABLE = YES;
				IPHONEOS_DEPLOYMENT_TARGET = 16.2;
				MTL_ENABLE_DEBUG_INFO = INCLUDE_SOURCE;
				MTL_FAST_MATH = YES;
				ONLY_ACTIVE_ARCH = YES;
				SDKROOT = iphoneos;
				SWIFT_ACTIVE_COMPILATION_CONDITIONS = DEBUG;
				SWIFT_OPTIMIZATION_LEVEL = "-Onone";
			};
			name = Debug;
		};
		33D1CFE4298752D2004BE7C4 /* Release */ = {
			isa = XCBuildConfiguration;
			buildSettings = {
				ALWAYS_SEARCH_USER_PATHS = NO;
				CLANG_ANALYZER_NONNULL = YES;
				CLANG_ANALYZER_NUMBER_OBJECT_CONVERSION = YES_AGGRESSIVE;
				CLANG_CXX_LANGUAGE_STANDARD = "gnu++20";
				CLANG_ENABLE_MODULES = YES;
				CLANG_ENABLE_OBJC_ARC = YES;
				CLANG_ENABLE_OBJC_WEAK = YES;
				CLANG_WARN_BLOCK_CAPTURE_AUTORELEASING = YES;
				CLANG_WARN_BOOL_CONVERSION = YES;
				CLANG_WARN_COMMA = YES;
				CLANG_WARN_CONSTANT_CONVERSION = YES;
				CLANG_WARN_DEPRECATED_OBJC_IMPLEMENTATIONS = YES;
				CLANG_WARN_DIRECT_OBJC_ISA_USAGE = YES_ERROR;
				CLANG_WARN_DOCUMENTATION_COMMENTS = YES;
				CLANG_WARN_EMPTY_BODY = YES;
				CLANG_WARN_ENUM_CONVERSION = YES;
				CLANG_WARN_INFINITE_RECURSION = YES;
				CLANG_WARN_INT_CONVERSION = YES;
				CLANG_WARN_NON_LITERAL_NULL_CONVERSION = YES;
				CLANG_WARN_OBJC_IMPLICIT_RETAIN_SELF = YES;
				CLANG_WARN_OBJC_LITERAL_CONVERSION = YES;
				CLANG_WARN_OBJC_ROOT_CLASS = YES_ERROR;
				CLANG_WARN_QUOTED_INCLUDE_IN_FRAMEWORK_HEADER = YES;
				CLANG_WARN_RANGE_LOOP_ANALYSIS = YES;
				CLANG_WARN_STRICT_PROTOTYPES = YES;
				CLANG_WARN_SUSPICIOUS_MOVE = YES;
				CLANG_WARN_UNGUARDED_AVAILABILITY = YES_AGGRESSIVE;
				CLANG_WARN_UNREACHABLE_CODE = YES;
				CLANG_WARN__DUPLICATE_METHOD_MATCH = YES;
				COPY_PHASE_STRIP = NO;
				DEBUG_INFORMATION_FORMAT = "dwarf-with-dsym";
				ENABLE_NS_ASSERTIONS = NO;
				ENABLE_STRICT_OBJC_MSGSEND = YES;
				GCC_C_LANGUAGE_STANDARD = gnu11;
				GCC_NO_COMMON_BLOCKS = YES;
				GCC_WARN_64_TO_32_BIT_CONVERSION = YES;
				GCC_WARN_ABOUT_RETURN_TYPE = YES_ERROR;
				GCC_WARN_UNDECLARED_SELECTOR = YES;
				GCC_WARN_UNINITIALIZED_AUTOS = YES_AGGRESSIVE;
				GCC_WARN_UNUSED_FUNCTION = YES;
				GCC_WARN_UNUSED_VARIABLE = YES;
				IPHONEOS_DEPLOYMENT_TARGET = 16.2;
				MTL_ENABLE_DEBUG_INFO = NO;
				MTL_FAST_MATH = YES;
				SDKROOT = iphoneos;
				SWIFT_COMPILATION_MODE = wholemodule;
				SWIFT_OPTIMIZATION_LEVEL = "-O";
				VALIDATE_PRODUCT = YES;
			};
			name = Release;
		};
		33D1CFE6298752D2004BE7C4 /* Debug */ = {
			isa = XCBuildConfiguration;
			buildSettings = {
				ASSETCATALOG_COMPILER_APPICON_NAME = AppIcon;
				ASSETCATALOG_COMPILER_GLOBAL_ACCENT_COLOR_NAME = AccentColor;
				CODE_SIGN_STYLE = Automatic;
				CURRENT_PROJECT_VERSION = 1;
				DEVELOPMENT_ASSET_PATHS = "\"Note App/Preview Content\"";
				DEVELOPMENT_TEAM = V93ZR5Y4Q3;
				ENABLE_PREVIEWS = YES;
				GENERATE_INFOPLIST_FILE = YES;
				INFOPLIST_KEY_UIApplicationSceneManifest_Generation = YES;
				INFOPLIST_KEY_UIApplicationSupportsIndirectInputEvents = YES;
				INFOPLIST_KEY_UILaunchScreen_Generation = YES;
				INFOPLIST_KEY_UISupportedInterfaceOrientations_iPad = "UIInterfaceOrientationPortrait UIInterfaceOrientationPortraitUpsideDown UIInterfaceOrientationLandscapeLeft UIInterfaceOrientationLandscapeRight";
				INFOPLIST_KEY_UISupportedInterfaceOrientations_iPhone = "UIInterfaceOrientationPortrait UIInterfaceOrientationLandscapeLeft UIInterfaceOrientationLandscapeRight";
				LD_RUNPATH_SEARCH_PATHS = (
					"$(inherited)",
					"@executable_path/Frameworks",
				);
				MARKETING_VERSION = 1.0;
				PRODUCT_BUNDLE_IDENTIFIER = "tech.cscoder.Note-App";
				PRODUCT_NAME = "$(TARGET_NAME)";
				SWIFT_EMIT_LOC_STRINGS = YES;
				SWIFT_VERSION = 5.0;
				TARGETED_DEVICE_FAMILY = "1,2";
			};
			name = Debug;
		};
		33D1CFE7298752D2004BE7C4 /* Release */ = {
			isa = XCBuildConfiguration;
			buildSettings = {
				ASSETCATALOG_COMPILER_APPICON_NAME = AppIcon;
				ASSETCATALOG_COMPILER_GLOBAL_ACCENT_COLOR_NAME = AccentColor;
				CODE_SIGN_STYLE = Automatic;
				CURRENT_PROJECT_VERSION = 1;
				DEVELOPMENT_ASSET_PATHS = "\"Note App/Preview Content\"";
				DEVELOPMENT_TEAM = V93ZR5Y4Q3;
				ENABLE_PREVIEWS = YES;
				GENERATE_INFOPLIST_FILE = YES;
				INFOPLIST_KEY_UIApplicationSceneManifest_Generation = YES;
				INFOPLIST_KEY_UIApplicationSupportsIndirectInputEvents = YES;
				INFOPLIST_KEY_UILaunchScreen_Generation = YES;
				INFOPLIST_KEY_UISupportedInterfaceOrientations_iPad = "UIInterfaceOrientationPortrait UIInterfaceOrientationPortraitUpsideDown UIInterfaceOrientationLandscapeLeft UIInterfaceOrientationLandscapeRight";
				INFOPLIST_KEY_UISupportedInterfaceOrientations_iPhone = "UIInterfaceOrientationPortrait UIInterfaceOrientationLandscapeLeft UIInterfaceOrientationLandscapeRight";
				LD_RUNPATH_SEARCH_PATHS = (
					"$(inherited)",
					"@executable_path/Frameworks",
				);
				MARKETING_VERSION = 1.0;
				PRODUCT_BUNDLE_IDENTIFIER = "tech.cscoder.Note-App";
				PRODUCT_NAME = "$(TARGET_NAME)";
				SWIFT_EMIT_LOC_STRINGS = YES;
				SWIFT_VERSION = 5.0;
				TARGETED_DEVICE_FAMILY = "1,2";
			};
			name = Release;
		};
/* End XCBuildConfiguration section */

/* Begin XCConfigurationList section */
		33D1CFD2298752CF004BE7C4 /* Build configuration list for PBXProject "Note App" */ = {
			isa = XCConfigurationList;
			buildConfigurations = (
				33D1CFE3298752D2004BE7C4 /* Debug */,
				33D1CFE4298752D2004BE7C4 /* Release */,
			);
			defaultConfigurationIsVisible = 0;
			defaultConfigurationName = Release;
		};
		33D1CFE5298752D2004BE7C4 /* Build configuration list for PBXNativeTarget "Note App" */ = {
			isa = XCConfigurationList;
			buildConfigurations = (
				33D1CFE6298752D2004BE7C4 /* Debug */,
				33D1CFE7298752D2004BE7C4 /* Release */,
			);
			defaultConfigurationIsVisible = 0;
			defaultConfigurationName = Release;
		};
/* End XCConfigurationList section */

/* Begin XCVersionGroup section */
		33670CFE299929D200F81E23 /* Note.xcdatamodeld */ = {
			isa = XCVersionGroup;
			children = (
				33670CFF299929D200F81E23 /* Note.xcdatamodel */,
			);
			currentVersion = 33670CFF299929D200F81E23 /* Note.xcdatamodel */;
			path = Note.xcdatamodeld;
			sourceTree = "<group>";
			versionGroupType = wrapper.xcdatamodel;
		};
/* End XCVersionGroup section */
	};
	rootObject = 33D1CFCF298752CF004BE7C4 /* Project object */;
}
