// !$*UTF8*$!
{
	archiveVersion = 1;
	classes = {
	};
	objectVersion = 56;
	objects = {

/* Begin PBXBuildFile section */
		3330CB642B47852600A0A5C5 /* JetTriviaApp.swift in Sources */ = {isa = PBXBuildFile; fileRef = 3330CB632B47852600A0A5C5 /* JetTriviaApp.swift */; };
		3330CB662B47852600A0A5C5 /* ContentView.swift in Sources */ = {isa = PBXBuildFile; fileRef = 3330CB652B47852600A0A5C5 /* ContentView.swift */; };
		3330CB682B47852800A0A5C5 /* Assets.xcassets in Resources */ = {isa = PBXBuildFile; fileRef = 3330CB672B47852800A0A5C5 /* Assets.xcassets */; };
		3330CB6C2B47852800A0A5C5 /* Preview Assets.xcassets in Resources */ = {isa = PBXBuildFile; fileRef = 3330CB6B2B47852800A0A5C5 /* Preview Assets.xcassets */; };
		3330CB762B47855F00A0A5C5 /* Question.swift in Sources */ = {isa = PBXBuildFile; fileRef = 3330CB752B47855F00A0A5C5 /* Question.swift */; };
		3330CB782B4785DE00A0A5C5 /* QuestionViewModel.swift in Sources */ = {isa = PBXBuildFile; fileRef = 3330CB772B4785DE00A0A5C5 /* QuestionViewModel.swift */; };
		3330CB7B2B47861100A0A5C5 /* Constants.swift in Sources */ = {isa = PBXBuildFile; fileRef = 3330CB7A2B47861100A0A5C5 /* Constants.swift */; };
		3330CB802B48B20500A0A5C5 /* ApiService.swift in Sources */ = {isa = PBXBuildFile; fileRef = 3330CB7F2B48B20500A0A5C5 /* ApiService.swift */; };
		3330CB822B48B21C00A0A5C5 /* QuestionItemView.swift in Sources */ = {isa = PBXBuildFile; fileRef = 3330CB812B48B21C00A0A5C5 /* QuestionItemView.swift */; };
/* End PBXBuildFile section */

/* Begin PBXFileReference section */
		3330CB602B47852600A0A5C5 /* JetTrivia.app */ = {isa = PBXFileReference; explicitFileType = wrapper.application; includeInIndex = 0; path = JetTrivia.app; sourceTree = BUILT_PRODUCTS_DIR; };
		3330CB632B47852600A0A5C5 /* JetTriviaApp.swift */ = {isa = PBXFileReference; lastKnownFileType = sourcecode.swift; path = JetTriviaApp.swift; sourceTree = "<group>"; };
		3330CB652B47852600A0A5C5 /* ContentView.swift */ = {isa = PBXFileReference; lastKnownFileType = sourcecode.swift; path = ContentView.swift; sourceTree = "<group>"; };
		3330CB672B47852800A0A5C5 /* Assets.xcassets */ = {isa = PBXFileReference; lastKnownFileType = folder.assetcatalog; path = Assets.xcassets; sourceTree = "<group>"; };
		3330CB692B47852800A0A5C5 /* JetTrivia.entitlements */ = {isa = PBXFileReference; lastKnownFileType = text.plist.entitlements; path = JetTrivia.entitlements; sourceTree = "<group>"; };
		3330CB6B2B47852800A0A5C5 /* Preview Assets.xcassets */ = {isa = PBXFileReference; lastKnownFileType = folder.assetcatalog; path = "Preview Assets.xcassets"; sourceTree = "<group>"; };
		3330CB752B47855F00A0A5C5 /* Question.swift */ = {isa = PBXFileReference; lastKnownFileType = sourcecode.swift; path = Question.swift; sourceTree = "<group>"; };
		3330CB772B4785DE00A0A5C5 /* QuestionViewModel.swift */ = {isa = PBXFileReference; lastKnownFileType = sourcecode.swift; path = QuestionViewModel.swift; sourceTree = "<group>"; };
		3330CB7A2B47861100A0A5C5 /* Constants.swift */ = {isa = PBXFileReference; lastKnownFileType = sourcecode.swift; path = Constants.swift; sourceTree = "<group>"; };
		3330CB7F2B48B20500A0A5C5 /* ApiService.swift */ = {isa = PBXFileReference; lastKnownFileType = sourcecode.swift; path = ApiService.swift; sourceTree = "<group>"; };
		3330CB812B48B21C00A0A5C5 /* QuestionItemView.swift */ = {isa = PBXFileReference; lastKnownFileType = sourcecode.swift; path = QuestionItemView.swift; sourceTree = "<group>"; };
/* End PBXFileReference section */

/* Begin PBXFrameworksBuildPhase section */
		3330CB5D2B47852600A0A5C5 /* Frameworks */ = {
			isa = PBXFrameworksBuildPhase;
			buildActionMask = 2147483647;
			files = (
			);
			runOnlyForDeploymentPostprocessing = 0;
		};
/* End PBXFrameworksBuildPhase section */

/* Begin PBXGroup section */
		3330CB572B47852600A0A5C5 = {
			isa = PBXGroup;
			children = (
				3330CB622B47852600A0A5C5 /* JetTrivia */,
				3330CB612B47852600A0A5C5 /* Products */,
			);
			sourceTree = "<group>";
		};
		3330CB612B47852600A0A5C5 /* Products */ = {
			isa = PBXGroup;
			children = (
				3330CB602B47852600A0A5C5 /* JetTrivia.app */,
			);
			name = Products;
			sourceTree = "<group>";
		};
		3330CB622B47852600A0A5C5 /* JetTrivia */ = {
			isa = PBXGroup;
			children = (
				3330CB832B48B22B00A0A5C5 /* App */,
				3330CB7E2B48B1F800A0A5C5 /* Services */,
				3330CB792B47860600A0A5C5 /* Utils */,
				3330CB742B47854D00A0A5C5 /* ViewModels */,
				3330CB732B47853A00A0A5C5 /* Models */,
				3330CB722B47853100A0A5C5 /* Views */,
				3330CB692B47852800A0A5C5 /* JetTrivia.entitlements */,
				3330CB6A2B47852800A0A5C5 /* Preview Content */,
			);
			path = JetTrivia;
			sourceTree = "<group>";
		};
		3330CB6A2B47852800A0A5C5 /* Preview Content */ = {
			isa = PBXGroup;
			children = (
				3330CB6B2B47852800A0A5C5 /* Preview Assets.xcassets */,
			);
			path = "Preview Content";
			sourceTree = "<group>";
		};
		3330CB722B47853100A0A5C5 /* Views */ = {
			isa = PBXGroup;
			children = (
				3330CB652B47852600A0A5C5 /* ContentView.swift */,
				3330CB812B48B21C00A0A5C5 /* QuestionItemView.swift */,
			);
			path = Views;
			sourceTree = "<group>";
		};
		3330CB732B47853A00A0A5C5 /* Models */ = {
			isa = PBXGroup;
			children = (
				3330CB752B47855F00A0A5C5 /* Question.swift */,
			);
			path = Models;
			sourceTree = "<group>";
		};
		3330CB742B47854D00A0A5C5 /* ViewModels */ = {
			isa = PBXGroup;
			children = (
				3330CB772B4785DE00A0A5C5 /* QuestionViewModel.swift */,
			);
			path = ViewModels;
			sourceTree = "<group>";
		};
		3330CB792B47860600A0A5C5 /* Utils */ = {
			isa = PBXGroup;
			children = (
				3330CB7A2B47861100A0A5C5 /* Constants.swift */,
			);
			path = Utils;
			sourceTree = "<group>";
		};
		3330CB7E2B48B1F800A0A5C5 /* Services */ = {
			isa = PBXGroup;
			children = (
				3330CB7F2B48B20500A0A5C5 /* ApiService.swift */,
			);
			path = Services;
			sourceTree = "<group>";
		};
		3330CB832B48B22B00A0A5C5 /* App */ = {
			isa = PBXGroup;
			children = (
				3330CB632B47852600A0A5C5 /* JetTriviaApp.swift */,
				3330CB672B47852800A0A5C5 /* Assets.xcassets */,
			);
			path = App;
			sourceTree = "<group>";
		};
/* End PBXGroup section */

/* Begin PBXNativeTarget section */
		3330CB5F2B47852600A0A5C5 /* JetTrivia */ = {
			isa = PBXNativeTarget;
			buildConfigurationList = 3330CB6F2B47852800A0A5C5 /* Build configuration list for PBXNativeTarget "JetTrivia" */;
			buildPhases = (
				3330CB5C2B47852600A0A5C5 /* Sources */,
				3330CB5D2B47852600A0A5C5 /* Frameworks */,
				3330CB5E2B47852600A0A5C5 /* Resources */,
			);
			buildRules = (
			);
			dependencies = (
			);
			name = JetTrivia;
			productName = JetTrivia;
			productReference = 3330CB602B47852600A0A5C5 /* JetTrivia.app */;
			productType = "com.apple.product-type.application";
		};
/* End PBXNativeTarget section */

/* Begin PBXProject section */
		3330CB582B47852600A0A5C5 /* Project object */ = {
			isa = PBXProject;
			attributes = {
				BuildIndependentTargetsInParallel = 1;
				LastSwiftUpdateCheck = 1510;
				LastUpgradeCheck = 1510;
				TargetAttributes = {
					3330CB5F2B47852600A0A5C5 = {
						CreatedOnToolsVersion = 15.1;
					};
				};
			};
			buildConfigurationList = 3330CB5B2B47852600A0A5C5 /* Build configuration list for PBXProject "JetTrivia" */;
			compatibilityVersion = "Xcode 14.0";
			developmentRegion = en;
			hasScannedForEncodings = 0;
			knownRegions = (
				en,
				Base,
			);
			mainGroup = 3330CB572B47852600A0A5C5;
			productRefGroup = 3330CB612B47852600A0A5C5 /* Products */;
			projectDirPath = "";
			projectRoot = "";
			targets = (
				3330CB5F2B47852600A0A5C5 /* JetTrivia */,
			);
		};
/* End PBXProject section */

/* Begin PBXResourcesBuildPhase section */
		3330CB5E2B47852600A0A5C5 /* Resources */ = {
			isa = PBXResourcesBuildPhase;
			buildActionMask = 2147483647;
			files = (
				3330CB6C2B47852800A0A5C5 /* Preview Assets.xcassets in Resources */,
				3330CB682B47852800A0A5C5 /* Assets.xcassets in Resources */,
			);
			runOnlyForDeploymentPostprocessing = 0;
		};
/* End PBXResourcesBuildPhase section */

/* Begin PBXSourcesBuildPhase section */
		3330CB5C2B47852600A0A5C5 /* Sources */ = {
			isa = PBXSourcesBuildPhase;
			buildActionMask = 2147483647;
			files = (
				3330CB822B48B21C00A0A5C5 /* QuestionItemView.swift in Sources */,
				3330CB7B2B47861100A0A5C5 /* Constants.swift in Sources */,
				3330CB762B47855F00A0A5C5 /* Question.swift in Sources */,
				3330CB802B48B20500A0A5C5 /* ApiService.swift in Sources */,
				3330CB662B47852600A0A5C5 /* ContentView.swift in Sources */,
				3330CB782B4785DE00A0A5C5 /* QuestionViewModel.swift in Sources */,
				3330CB642B47852600A0A5C5 /* JetTriviaApp.swift in Sources */,
			);
			runOnlyForDeploymentPostprocessing = 0;
		};
/* End PBXSourcesBuildPhase section */

/* Begin XCBuildConfiguration section */
		3330CB6D2B47852800A0A5C5 /* Debug */ = {
			isa = XCBuildConfiguration;
			buildSettings = {
				ALWAYS_SEARCH_USER_PATHS = NO;
				ASSETCATALOG_COMPILER_GENERATE_SWIFT_ASSET_SYMBOL_EXTENSIONS = YES;
				CLANG_ANALYZER_NONNULL = YES;
				CLANG_ANALYZER_NUMBER_OBJECT_CONVERSION = YES_AGGRESSIVE;
				CLANG_CXX_LANGUAGE_STANDARD = "gnu++20";
				CLANG_ENABLE_MODULES = YES;
				CLANG_ENABLE_OBJC_ARC = YES;
				CLANG_ENABLE_OBJC_WEAK = YES;
				CLANG_WARN_BLOCK_CAPTURE_AUTORELEASING = YES;
				CLANG_WARN_BOOL_CONVERSION = YES;
				CLANG_WARN_COMMA = YES;
				CLANG_WARN_CONSTANT_CONVERSION = YES;
				CLANG_WARN_DEPRECATED_OBJC_IMPLEMENTATIONS = YES;
				CLANG_WARN_DIRECT_OBJC_ISA_USAGE = YES_ERROR;
				CLANG_WARN_DOCUMENTATION_COMMENTS = YES;
				CLANG_WARN_EMPTY_BODY = YES;
				CLANG_WARN_ENUM_CONVERSION = YES;
				CLANG_WARN_INFINITE_RECURSION = YES;
				CLANG_WARN_INT_CONVERSION = YES;
				CLANG_WARN_NON_LITERAL_NULL_CONVERSION = YES;
				CLANG_WARN_OBJC_IMPLICIT_RETAIN_SELF = YES;
				CLANG_WARN_OBJC_LITERAL_CONVERSION = YES;
				CLANG_WARN_OBJC_ROOT_CLASS = YES_ERROR;
				CLANG_WARN_QUOTED_INCLUDE_IN_FRAMEWORK_HEADER = YES;
				CLANG_WARN_RANGE_LOOP_ANALYSIS = YES;
				CLANG_WARN_STRICT_PROTOTYPES = YES;
				CLANG_WARN_SUSPICIOUS_MOVE = YES;
				CLANG_WARN_UNGUARDED_AVAILABILITY = YES_AGGRESSIVE;
				CLANG_WARN_UNREACHABLE_CODE = YES;
				CLANG_WARN__DUPLICATE_METHOD_MATCH = YES;
				COPY_PHASE_STRIP = NO;
				DEBUG_INFORMATION_FORMAT = dwarf;
				ENABLE_STRICT_OBJC_MSGSEND = YES;
				ENABLE_TESTABILITY = YES;
				ENABLE_USER_SCRIPT_SANDBOXING = YES;
				GCC_C_LANGUAGE_STANDARD = gnu17;
				GCC_DYNAMIC_NO_PIC = NO;
				GCC_NO_COMMON_BLOCKS = YES;
				GCC_OPTIMIZATION_LEVEL = 0;
				GCC_PREPROCESSOR_DEFINITIONS = (
					"DEBUG=1",
					"$(inherited)",
				);
				GCC_WARN_64_TO_32_BIT_CONVERSION = YES;
				GCC_WARN_ABOUT_RETURN_TYPE = YES_ERROR;
				GCC_WARN_UNDECLARED_SELECTOR = YES;
				GCC_WARN_UNINITIALIZED_AUTOS = YES_AGGRESSIVE;
				GCC_WARN_UNUSED_FUNCTION = YES;
				GCC_WARN_UNUSED_VARIABLE = YES;
				LOCALIZATION_PREFERS_STRING_CATALOGS = YES;
				MTL_ENABLE_DEBUG_INFO = INCLUDE_SOURCE;
				MTL_FAST_MATH = YES;
				ONLY_ACTIVE_ARCH = YES;
				SWIFT_ACTIVE_COMPILATION_CONDITIONS = "DEBUG $(inherited)";
				SWIFT_OPTIMIZATION_LEVEL = "-Onone";
			};
			name = Debug;
		};
		3330CB6E2B47852800A0A5C5 /* Release */ = {
			isa = XCBuildConfiguration;
			buildSettings = {
				ALWAYS_SEARCH_USER_PATHS = NO;
				ASSETCATALOG_COMPILER_GENERATE_SWIFT_ASSET_SYMBOL_EXTENSIONS = YES;
				CLANG_ANALYZER_NONNULL = YES;
				CLANG_ANALYZER_NUMBER_OBJECT_CONVERSION = YES_AGGRESSIVE;
				CLANG_CXX_LANGUAGE_STANDARD = "gnu++20";
				CLANG_ENABLE_MODULES = YES;
				CLANG_ENABLE_OBJC_ARC = YES;
				CLANG_ENABLE_OBJC_WEAK = YES;
				CLANG_WARN_BLOCK_CAPTURE_AUTORELEASING = YES;
				CLANG_WARN_BOOL_CONVERSION = YES;
				CLANG_WARN_COMMA = YES;
				CLANG_WARN_CONSTANT_CONVERSION = YES;
				CLANG_WARN_DEPRECATED_OBJC_IMPLEMENTATIONS = YES;
				CLANG_WARN_DIRECT_OBJC_ISA_USAGE = YES_ERROR;
				CLANG_WARN_DOCUMENTATION_COMMENTS = YES;
				CLANG_WARN_EMPTY_BODY = YES;
				CLANG_WARN_ENUM_CONVERSION = YES;
				CLANG_WARN_INFINITE_RECURSION = YES;
				CLANG_WARN_INT_CONVERSION = YES;
				CLANG_WARN_NON_LITERAL_NULL_CONVERSION = YES;
				CLANG_WARN_OBJC_IMPLICIT_RETAIN_SELF = YES;
				CLANG_WARN_OBJC_LITERAL_CONVERSION = YES;
				CLANG_WARN_OBJC_ROOT_CLASS = YES_ERROR;
				CLANG_WARN_QUOTED_INCLUDE_IN_FRAMEWORK_HEADER = YES;
				CLANG_WARN_RANGE_LOOP_ANALYSIS = YES;
				CLANG_WARN_STRICT_PROTOTYPES = YES;
				CLANG_WARN_SUSPICIOUS_MOVE = YES;
				CLANG_WARN_UNGUARDED_AVAILABILITY = YES_AGGRESSIVE;
				CLANG_WARN_UNREACHABLE_CODE = YES;
				CLANG_WARN__DUPLICATE_METHOD_MATCH = YES;
				COPY_PHASE_STRIP = NO;
				DEBUG_INFORMATION_FORMAT = "dwarf-with-dsym";
				ENABLE_NS_ASSERTIONS = NO;
				ENABLE_STRICT_OBJC_MSGSEND = YES;
				ENABLE_USER_SCRIPT_SANDBOXING = YES;
				GCC_C_LANGUAGE_STANDARD = gnu17;
				GCC_NO_COMMON_BLOCKS = YES;
				GCC_WARN_64_TO_32_BIT_CONVERSION = YES;
				GCC_WARN_ABOUT_RETURN_TYPE = YES_ERROR;
				GCC_WARN_UNDECLARED_SELECTOR = YES;
				GCC_WARN_UNINITIALIZED_AUTOS = YES_AGGRESSIVE;
				GCC_WARN_UNUSED_FUNCTION = YES;
				GCC_WARN_UNUSED_VARIABLE = YES;
				LOCALIZATION_PREFERS_STRING_CATALOGS = YES;
				MTL_ENABLE_DEBUG_INFO = NO;
				MTL_FAST_MATH = YES;
				SWIFT_COMPILATION_MODE = wholemodule;
			};
			name = Release;
		};
		3330CB702B47852800A0A5C5 /* Debug */ = {
			isa = XCBuildConfiguration;
			buildSettings = {
				ASSETCATALOG_COMPILER_APPICON_NAME = AppIcon;
				ASSETCATALOG_COMPILER_GLOBAL_ACCENT_COLOR_NAME = AccentColor;
				CODE_SIGN_ENTITLEMENTS = JetTrivia/JetTrivia.entitlements;
				CODE_SIGN_STYLE = Automatic;
				CURRENT_PROJECT_VERSION = 1;
				DEVELOPMENT_ASSET_PATHS = "\"JetTrivia/Preview Content\"";
				DEVELOPMENT_TEAM = LSB725NB5B;
				ENABLE_HARDENED_RUNTIME = YES;
				ENABLE_PREVIEWS = YES;
				GENERATE_INFOPLIST_FILE = YES;
				"INFOPLIST_KEY_UIApplicationSceneManifest_Generation[sdk=iphoneos*]" = YES;
				"INFOPLIST_KEY_UIApplicationSceneManifest_Generation[sdk=iphonesimulator*]" = YES;
				"INFOPLIST_KEY_UIApplicationSupportsIndirectInputEvents[sdk=iphoneos*]" = YES;
				"INFOPLIST_KEY_UIApplicationSupportsIndirectInputEvents[sdk=iphonesimulator*]" = YES;
				"INFOPLIST_KEY_UILaunchScreen_Generation[sdk=iphoneos*]" = YES;
				"INFOPLIST_KEY_UILaunchScreen_Generation[sdk=iphonesimulator*]" = YES;
				"INFOPLIST_KEY_UIStatusBarStyle[sdk=iphoneos*]" = UIStatusBarStyleDefault;
				"INFOPLIST_KEY_UIStatusBarStyle[sdk=iphonesimulator*]" = UIStatusBarStyleDefault;
				INFOPLIST_KEY_UISupportedInterfaceOrientations_iPad = "UIInterfaceOrientationPortrait UIInterfaceOrientationPortraitUpsideDown UIInterfaceOrientationLandscapeLeft UIInterfaceOrientationLandscapeRight";
				INFOPLIST_KEY_UISupportedInterfaceOrientations_iPhone = "UIInterfaceOrientationPortrait UIInterfaceOrientationLandscapeLeft UIInterfaceOrientationLandscapeRight";
				IPHONEOS_DEPLOYMENT_TARGET = 17.2;
				LD_RUNPATH_SEARCH_PATHS = "@executable_path/Frameworks";
				"LD_RUNPATH_SEARCH_PATHS[sdk=macosx*]" = "@executable_path/../Frameworks";
				MACOSX_DEPLOYMENT_TARGET = 14.2;
				MARKETING_VERSION = 1.0;
				PRODUCT_BUNDLE_IDENTIFIER = tech.cscoder.JetTrivia;
				PRODUCT_NAME = "$(TARGET_NAME)";
				SDKROOT = auto;
				SUPPORTED_PLATFORMS = "iphoneos iphonesimulator macosx";
				SWIFT_EMIT_LOC_STRINGS = YES;
				SWIFT_VERSION = 5.0;
				TARGETED_DEVICE_FAMILY = "1,2";
			};
			name = Debug;
		};
		3330CB712B47852800A0A5C5 /* Release */ = {
			isa = XCBuildConfiguration;
			buildSettings = {
				ASSETCATALOG_COMPILER_APPICON_NAME = AppIcon;
				ASSETCATALOG_COMPILER_GLOBAL_ACCENT_COLOR_NAME = AccentColor;
				CODE_SIGN_ENTITLEMENTS = JetTrivia/JetTrivia.entitlements;
				CODE_SIGN_STYLE = Automatic;
				CURRENT_PROJECT_VERSION = 1;
				DEVELOPMENT_ASSET_PATHS = "\"JetTrivia/Preview Content\"";
				DEVELOPMENT_TEAM = LSB725NB5B;
				ENABLE_HARDENED_RUNTIME = YES;
				ENABLE_PREVIEWS = YES;
				GENERATE_INFOPLIST_FILE = YES;
				"INFOPLIST_KEY_UIApplicationSceneManifest_Generation[sdk=iphoneos*]" = YES;
				"INFOPLIST_KEY_UIApplicationSceneManifest_Generation[sdk=iphonesimulator*]" = YES;
				"INFOPLIST_KEY_UIApplicationSupportsIndirectInputEvents[sdk=iphoneos*]" = YES;
				"INFOPLIST_KEY_UIApplicationSupportsIndirectInputEvents[sdk=iphonesimulator*]" = YES;
				"INFOPLIST_KEY_UILaunchScreen_Generation[sdk=iphoneos*]" = YES;
				"INFOPLIST_KEY_UILaunchScreen_Generation[sdk=iphonesimulator*]" = YES;
				"INFOPLIST_KEY_UIStatusBarStyle[sdk=iphoneos*]" = UIStatusBarStyleDefault;
				"INFOPLIST_KEY_UIStatusBarStyle[sdk=iphonesimulator*]" = UIStatusBarStyleDefault;
				INFOPLIST_KEY_UISupportedInterfaceOrientations_iPad = "UIInterfaceOrientationPortrait UIInterfaceOrientationPortraitUpsideDown UIInterfaceOrientationLandscapeLeft UIInterfaceOrientationLandscapeRight";
				INFOPLIST_KEY_UISupportedInterfaceOrientations_iPhone = "UIInterfaceOrientationPortrait UIInterfaceOrientationLandscapeLeft UIInterfaceOrientationLandscapeRight";
				IPHONEOS_DEPLOYMENT_TARGET = 17.2;
				LD_RUNPATH_SEARCH_PATHS = "@executable_path/Frameworks";
				"LD_RUNPATH_SEARCH_PATHS[sdk=macosx*]" = "@executable_path/../Frameworks";
				MACOSX_DEPLOYMENT_TARGET = 14.2;
				MARKETING_VERSION = 1.0;
				PRODUCT_BUNDLE_IDENTIFIER = tech.cscoder.JetTrivia;
				PRODUCT_NAME = "$(TARGET_NAME)";
				SDKROOT = auto;
				SUPPORTED_PLATFORMS = "iphoneos iphonesimulator macosx";
				SWIFT_EMIT_LOC_STRINGS = YES;
				SWIFT_VERSION = 5.0;
				TARGETED_DEVICE_FAMILY = "1,2";
			};
			name = Release;
		};
/* End XCBuildConfiguration section */

/* Begin XCConfigurationList section */
		3330CB5B2B47852600A0A5C5 /* Build configuration list for PBXProject "JetTrivia" */ = {
			isa = XCConfigurationList;
			buildConfigurations = (
				3330CB6D2B47852800A0A5C5 /* Debug */,
				3330CB6E2B47852800A0A5C5 /* Release */,
			);
			defaultConfigurationIsVisible = 0;
			defaultConfigurationName = Release;
		};
		3330CB6F2B47852800A0A5C5 /* Build configuration list for PBXNativeTarget "JetTrivia" */ = {
			isa = XCConfigurationList;
			buildConfigurations = (
				3330CB702B47852800A0A5C5 /* Debug */,
				3330CB712B47852800A0A5C5 /* Release */,
			);
			defaultConfigurationIsVisible = 0;
			defaultConfigurationName = Release;
		};
/* End XCConfigurationList section */
	};
	rootObject = 3330CB582B47852600A0A5C5 /* Project object */;
}
